{
  "- gem: rbs\ndirect: require_bench.gemspec": [
    {
      "file": ".structuredmerge/kettle-jem.yml",
      "lines": [
        114,
        119
      ]
    }
  ],
  "direct: require_bench.gemspec\nmodular: gemfiles/modular/shunted.gemfile": [
    {
      "file": ".structuredmerge/kettle-jem.yml",
      "lines": [
        110,
        120
      ]
    }
  ],
  "direct: require_bench.gemspec\nmodular: gemfiles/modular/style.gemfile": [
    {
      "file": ".structuredmerge/kettle-jem.yml",
      "lines": [
        125,
        130
      ]
    }
  ],
  "modular: gemfiles/modular/shunted.gemfile\naction: keep_both": [
    {
      "file": ".structuredmerge/kettle-jem.yml",
      "lines": [
        111,
        121
      ]
    }
  ]
}
