{
  "- gem: rbs\ndirect: require_bench.gemspec": [
    {
      "file": ".structuredmerge/kettle-jem.yml",
      "lines": [
        101,
        106
      ]
    }
  ],
  "direct: require_bench.gemspec\nmodular: gemfiles/modular/shunted.gemfile": [
    {
      "file": ".structuredmerge/kettle-jem.yml",
      "lines": [
        97,
        107
      ]
    }
  ],
  "direct: require_bench.gemspec\nmodular: gemfiles/modular/style.gemfile": [
    {
      "file": ".structuredmerge/kettle-jem.yml",
      "lines": [
        112,
        117
      ]
    }
  ],
  "modular: gemfiles/modular/shunted.gemfile\naction: keep_both": [
    {
      "file": ".structuredmerge/kettle-jem.yml",
      "lines": [
        98,
        108
      ]
    }
  ]
}
