{
  "bin/checksums:110240134": [
    [13, 28, 2, "Lint/Syntax: unexpected token error\n(Using Ruby 2.2 parser; configure using `TargetRubyVersion` parameter, under `AllCops`)", 5858765],
    [15, 18, 2, "Lint/Syntax: unexpected token error\n(Using Ruby 2.2 parser; configure using `TargetRubyVersion` parameter, under `AllCops`)", 5858765],
    [21, 1, 4, "Lint/Syntax: unexpected token kELSE\n(Using Ruby 2.2 parser; configure using `TargetRubyVersion` parameter, under `AllCops`)", 2087423834],
    [34, 1, 3, "Lint/Syntax: unexpected token kEND\n(Using Ruby 2.2 parser; configure using `TargetRubyVersion` parameter, under `AllCops`)", 193405706],
    [46, 11, 2, "Lint/Syntax: unexpected token tLSHFT\n(Using Ruby 2.2 parser; configure using `TargetRubyVersion` parameter, under `AllCops`)", 5859461],
    [47, 19, 1, "Lint/Syntax: unexpected token tSTAR\n(Using Ruby 2.2 parser; configure using `TargetRubyVersion` parameter, under `AllCops`)", 177551],
    [48, 15, 1, "Lint/Syntax: unexpected token tSTRING_BEG\n(Using Ruby 2.2 parser; configure using `TargetRubyVersion` parameter, under `AllCops`)", 177543],
    [54, 11, 6, "Lint/Syntax: unexpected token tCONSTANT\n(Using Ruby 2.2 parser; configure using `TargetRubyVersion` parameter, under `AllCops`)", 3389761934],
    [55, 11, 6, "Lint/Syntax: unexpected token tCONSTANT\n(Using Ruby 2.2 parser; configure using `TargetRubyVersion` parameter, under `AllCops`)", 3389756745]
  ],
  "gemfiles/modular/templating.gemfile:3018447732": [
    [14, 3, 47, "Bundler/DuplicatedGem: Gem `tree_sitter_language_pack` requirements already given on line 10 of the Gemfile.", 3843603197]
  ],
  "lib/require_bench.rb:3194297466": [
    [134, 45, 2, "Lint/Syntax: unexpected token error\n(Using Ruby 2.2 parser; configure using `TargetRubyVersion` parameter, under `AllCops`)", 5858765]
  ],
  "spec/support/helpers/file_factory.rb:3973989258": [
    [21, 16, 2, "Lint/Syntax: unexpected token tLSHFT\n(Using Ruby 2.2 parser; configure using `TargetRubyVersion` parameter, under `AllCops`)", 5859461],
    [22, 7, 6, "Lint/Syntax: module definition in method body\n(Using Ruby 2.2 parser; configure using `TargetRubyVersion` parameter, under `AllCops`)", 1465948607],
    [23, 9, 6, "Lint/Syntax: module definition in method body\n(Using Ruby 2.2 parser; configure using `TargetRubyVersion` parameter, under `AllCops`)", 1465948607],
    [24, 19, 1, "Lint/Syntax: unexpected token tEQL\n(Using Ruby 2.2 parser; configure using `TargetRubyVersion` parameter, under `AllCops`)", 177560],
    [45, 4, 1, "Lint/Syntax: unexpected token $end\n(Using Ruby 2.2 parser; configure using `TargetRubyVersion` parameter, under `AllCops`)", 177583]
  ]
}
